
Microsoft Visual Studio Solution File, Format Version 12.00
# Visual Studio Version 16
VisualStudioVersion = 16.0.32630.194
MinimumVisualStudioVersion = 10.0.40219.1
Project("{FAE04EC0-301F-11D3-BF4B-00C04F79EFBC}") = "PlataformaDeCursos", "PlataformaDeCursos\PlataformaDeCursos.csproj", "{CA916ED2-ADBC-4067-91C1-108083D4DD0F}"
EndProject
Global
	GlobalSection(SolutionConfigurationPlatforms) = preSolution
		Debug|Any CPU = Debug|Any CPU
		Release|Any CPU = Release|Any CPU
	EndGlobalSection
	GlobalSection(ProjectConfigurationPlatforms) = postSolution
		{CA916ED2-ADBC-4067-91C1-108083D4DD0F}.Debug|Any CPU.ActiveCfg = Debug|Any CPU
		{CA916ED2-ADBC-4067-91C1-108083D4DD0F}.Debug|Any CPU.Build.0 = Debug|Any CPU
		{CA916ED2-ADBC-4067-91C1-108083D4DD0F}.Release|Any CPU.ActiveCfg = Release|Any CPU
		{CA916ED2-ADBC-4067-91C1-108083D4DD0F}.Release|Any CPU.Build.0 = Release|Any CPU
	EndGlobalSection
	GlobalSection(SolutionProperties) = preSolution
		HideSolutionNode = FALSE
	EndGlobalSection
	GlobalSection(ExtensibilityGlobals) = postSolution
		SolutionGuid = {0F1681E8-10BC-4F92-A812-A5B45ABBE8E7}
	EndGlobalSection
EndGlobal
